
Microsoft Visual Studio Solution File, Format Version 12.00
# Visual Studio 15
VisualStudioVersion = 15.0.28307.757
MinimumVisualStudioVersion = 10.0.40219.1
Project("{FAE04EC0-301F-11D3-BF4B-00C04F79EFBC}") = "DataBaseResearch", "DataBaseResearch\DataBaseResearch.csproj", "{12397DF7-F20D-45A0-B95D-4E439FCB7E89}"
EndProject
Global
	GlobalSection(SolutionConfigurationPlatforms) = preSolution
		Debug|Any CPU = Debug|Any CPU
		Release|Any CPU = Release|Any CPU
	EndGlobalSection
	GlobalSection(ProjectConfigurationPlatforms) = postSolution
		{12397DF7-F20D-45A0-B95D-4E439FCB7E89}.Debug|Any CPU.ActiveCfg = Debug|Any CPU
		{12397DF7-F20D-45A0-B95D-4E439FCB7E89}.Debug|Any CPU.Build.0 = Debug|Any CPU
		{12397DF7-F20D-45A0-B95D-4E439FCB7E89}.Release|Any CPU.ActiveCfg = Release|Any CPU
		{12397DF7-F20D-45A0-B95D-4E439FCB7E89}.Release|Any CPU.Build.0 = Release|Any CPU
	EndGlobalSection
	GlobalSection(SolutionProperties) = preSolution
		HideSolutionNode = FALSE
	EndGlobalSection
	GlobalSection(ExtensibilityGlobals) = postSolution
		SolutionGuid = {4B630969-7190-45BD-813F-47E1FF1A6B08}
	EndGlobalSection
EndGlobal
